
Microsoft Visual Studio Solution File, Format Version 12.00
# Visual Studio 2015
Project("{FAE04EC0-301F-11D3-BF4B-00C04F79EFBC}") = "MeshDraw.CSharp", "MeshDraw.CSharp.csproj", "{AD6F26F3-0193-6EC8-CD9B-540DDB2EE37A}"
EndProject
Project("{FAE04EC0-301F-11D3-BF4B-00C04F79EFBC}") = "MeshDraw.CSharp.Editor", "MeshDraw.CSharp.Editor.csproj", "{CDC221E4-C2D6-8D3B-A0CA-4BDC54949FA0}"
EndProject
Global
	GlobalSection(SolutionConfigurationPlatforms) = preSolution
		Debug|Any CPU = Debug|Any CPU
		Release|Any CPU = Release|Any CPU
	EndGlobalSection
	GlobalSection(ProjectConfigurationPlatforms) = postSolution
		{AD6F26F3-0193-6EC8-CD9B-540DDB2EE37A}.Debug|Any CPU.ActiveCfg = Debug|Any CPU
		{AD6F26F3-0193-6EC8-CD9B-540DDB2EE37A}.Debug|Any CPU.Build.0 = Debug|Any CPU
		{AD6F26F3-0193-6EC8-CD9B-540DDB2EE37A}.Release|Any CPU.ActiveCfg = Release|Any CPU
		{AD6F26F3-0193-6EC8-CD9B-540DDB2EE37A}.Release|Any CPU.Build.0 = Release|Any CPU
		{CDC221E4-C2D6-8D3B-A0CA-4BDC54949FA0}.Debug|Any CPU.ActiveCfg = Debug|Any CPU
		{CDC221E4-C2D6-8D3B-A0CA-4BDC54949FA0}.Debug|Any CPU.Build.0 = Debug|Any CPU
		{CDC221E4-C2D6-8D3B-A0CA-4BDC54949FA0}.Release|Any CPU.ActiveCfg = Release|Any CPU
		{CDC221E4-C2D6-8D3B-A0CA-4BDC54949FA0}.Release|Any CPU.Build.0 = Release|Any CPU
	EndGlobalSection
	GlobalSection(SolutionProperties) = preSolution
		HideSolutionNode = FALSE
	EndGlobalSection
EndGlobal
